{
  "name": "baseline-buddy",
  "version": "0.0.1",
  "lockfileVersion": 3,
  "requires": true,
  "packages": {
    "": {
      "name": "baseline-buddy",
      "version": "0.0.1",
      "hasInstallScript": true,
      "license": "MIT",
      "dependencies": {
        "@baseline-buddy/core-analyzer": "file:../core-analyzer"
      },
      "engines": {
        "vscode": "^1.90.0"
      }
    },
    "../core-analyzer": {
      "name": "baseline-buddy",
      "version": "0.0.1",
      "hasInstallScript": true,
      "license": "MIT",
      "dependencies": {
        "@baseline-buddy/core-analyzer": "file:../core-analyzer"
      },
      "devDependencies": {
        "vsce": "^3.0.0"
      },
      "engines": {
        "vscode": "^1.90.0"
      }
    },
    "node_modules/@baseline-buddy/core-analyzer": {
      "resolved": "../core-analyzer",
      "link": true
    }
  }
}
